
Microsoft Visual Studio Solution File, Format Version 12.00
# Visual Studio Version 17
VisualStudioVersion = 17.5.002.0
MinimumVisualStudioVersion = 10.0.40219.1
Project("{9A19103F-16F7-4668-BE54-9A1E7A4F7556}") = "DesafioPOO", "DesafioPOO.csproj", "{5FF534AE-BD9F-44B6-A1B9-0DA645C168DA}"
EndProject
Global
	GlobalSection(SolutionConfigurationPlatforms) = preSolution
		Debug|Any CPU = Debug|Any CPU
		Release|Any CPU = Release|Any CPU
	EndGlobalSection
	GlobalSection(ProjectConfigurationPlatforms) = postSolution
		{5FF534AE-BD9F-44B6-A1B9-0DA645C168DA}.Debug|Any CPU.ActiveCfg = Debug|Any CPU
		{5FF534AE-BD9F-44B6-A1B9-0DA645C168DA}.Debug|Any CPU.Build.0 = Debug|Any CPU
		{5FF534AE-BD9F-44B6-A1B9-0DA645C168DA}.Release|Any CPU.ActiveCfg = Release|Any CPU
		{5FF534AE-BD9F-44B6-A1B9-0DA645C168DA}.Release|Any CPU.Build.0 = Release|Any CPU
	EndGlobalSection
	GlobalSection(SolutionProperties) = preSolution
		HideSolutionNode = FALSE
	EndGlobalSection
	GlobalSection(ExtensibilityGlobals) = postSolution
		SolutionGuid = {9BB761D7-34EC-4D00-B433-5AC2B55A20AF}
	EndGlobalSection
EndGlobal
